
Microsoft Visual Studio Solution File, Format Version 12.00
# Visual Studio Version 16
VisualStudioVersion = 16.0.32002.261
MinimumVisualStudioVersion = 10.0.40219.1
Project("{9A19103F-16F7-4668-BE54-9A1E7A4F7556}") = "EasySocket", "EasySocket\EasySocket.csproj", "{D93BFED5-546D-49DB-B094-51FB52D1FC8A}"
EndProject
Project("{FAE04EC0-301F-11D3-BF4B-00C04F79EFBC}") = "EasySocket.Test", "EasySocket.Test\EasySocket.Test.csproj", "{61137CC0-393B-44B9-A9CE-44F001BE083F}"
EndProject
Global
	GlobalSection(SolutionConfigurationPlatforms) = preSolution
		Debug|Any CPU = Debug|Any CPU
		Release|Any CPU = Release|Any CPU
	EndGlobalSection
	GlobalSection(ProjectConfigurationPlatforms) = postSolution
		{D93BFED5-546D-49DB-B094-51FB52D1FC8A}.Debug|Any CPU.ActiveCfg = Debug|Any CPU
		{D93BFED5-546D-49DB-B094-51FB52D1FC8A}.Debug|Any CPU.Build.0 = Debug|Any CPU
		{D93BFED5-546D-49DB-B094-51FB52D1FC8A}.Release|Any CPU.ActiveCfg = Release|Any CPU
		{D93BFED5-546D-49DB-B094-51FB52D1FC8A}.Release|Any CPU.Build.0 = Release|Any CPU
		{61137CC0-393B-44B9-A9CE-44F001BE083F}.Debug|Any CPU.ActiveCfg = Debug|Any CPU
		{61137CC0-393B-44B9-A9CE-44F001BE083F}.Debug|Any CPU.Build.0 = Debug|Any CPU
		{61137CC0-393B-44B9-A9CE-44F001BE083F}.Release|Any CPU.ActiveCfg = Release|Any CPU
		{61137CC0-393B-44B9-A9CE-44F001BE083F}.Release|Any CPU.Build.0 = Release|Any CPU
	EndGlobalSection
	GlobalSection(SolutionProperties) = preSolution
		HideSolutionNode = FALSE
	EndGlobalSection
	GlobalSection(ExtensibilityGlobals) = postSolution
		SolutionGuid = {E15C917F-6B0E-4155-A32A-3388BEA162A2}
	EndGlobalSection
EndGlobal
